{
  "requires": true,
  "lockfileVersion": 1,
  "dependencies": {
    "@angular/cdk": {
      "version": "14.1.0",
      "resolved": "https://registry.npmjs.org/@angular/cdk/-/cdk-14.1.0.tgz",
      "integrity": "sha512-EOQZmlTgj5Tc6/s50kEQUYKWH0S748rzbymBYkvyJs864lP9A8khz83IINmm+PD2sMADKtBETD3aEa5yQRhVAA==",
      "requires": {
        "parse5": "^5.0.0",
        "tslib": "^2.3.0"
      }
    },
    "@angular/flex-layout": {
      "version": "14.0.0-beta.40",
      "resolved": "https://registry.npmjs.org/@angular/flex-layout/-/flex-layout-14.0.0-beta.40.tgz",
      "integrity": "sha512-lYi2BKovNk5u2wmj/AMIMqfUzCBEt99Wu/Gfa+1mUIlw3voKCmIsV2XYBhX4adRdD+dRagY3Opger43JR7PXEw==",
      "requires": {
        "tslib": "^2.3.0"
      }
    },
    "parse5": {
      "version": "5.1.1",
      "resolved": "https://registry.npmjs.org/parse5/-/parse5-5.1.1.tgz",
      "integrity": "sha512-ugq4DFI0Ptb+WWjAdOK16+u/nHfiIrcE+sh8kZMaM0WllQKLI9rOUq6c2b7cwPkXdzfQESqvoqK6ug7U/Yyzug==",
      "optional": true
    },
    "tslib": {
      "version": "2.4.0",
      "resolved": "https://registry.npmjs.org/tslib/-/tslib-2.4.0.tgz",
      "integrity": "sha512-d6xOpEDfsi2CZVlPQzGeux8XMwLT9hssAsaPYExaQMuYskwb+x1x7J371tWlbBdWHroy99KnVB6qIkUbs5X3UQ=="
    }
  }
}
